{
  "name": "@coder/vscode",
  "version": "0.1.0",
  "lockfileVersion": 3,
  "requires": true,
  "packages": {
    "": {
      "name": "@coder/vscode",
      "version": "0.1.0",
      "license": "Apache-2.0",
      "dependencies": {
        "@anthropic-ai/sdk": "^0.102.0",
        "katex": "^0.17.0",
        "marked": "^18.0.4",
        "preact": "^10.26.0",
        "tiktoken": "^1.0.22",
        "undici": "^8.4.1"
      },
      "devDependencies": {
        "@types/vscode": "^1.95.0",
        "css-loader": "^7.1.0",
        "html-webpack-plugin": "^5.6.0",
        "style-loader": "^4.0.0",
        "ts-loader": "^9.5.0",
        "typescript": "^5.8.0",
        "webpack": "^5.97.0",
        "webpack-cli": "^6.0.0"
      },
      "engines": {
        "vscode": "^1.95.0"
      }
    },
    "../../node_modules/.pnpm/@anthropic-ai+sdk@0.99.0/node_modules/@anthropic-ai/sdk": {
      "version": "0.99.0",
      "extraneous": true,
      "license": "MIT",
      "dependencies": {
        "json-schema-to-ts": "^3.1.1",
        "standardwebhooks": "^1.0.0"
      },
      "bin": {
        "anthropic-ai-sdk": "bin/cli"
      },
      "peerDependencies": {
        "zod": "^3.25.0 || ^4.0.0"
      },
      "peerDependenciesMeta": {
        "zod": {
          "optional": true
        }
      }
    },
    "../../node_modules/.pnpm/@types+vscode@1.120.0/node_modules/@types/vscode": {
      "version": "1.120.0",
      "dev": true,
      "license": "MIT"
    },
    "../../node_modules/.pnpm/css-loader@7.1.4_webpack@5.107.2/node_modules/css-loader": {
      "version": "7.1.4",
      "dev": true,
      "license": "MIT",
      "dependencies": {
        "icss-utils": "^5.1.0",
        "postcss": "^8.4.40",
        "postcss-modules-extract-imports": "^3.1.0",
        "postcss-modules-local-by-default": "^4.0.5",
        "postcss-modules-scope": "^3.2.0",
        "postcss-modules-values": "^4.0.0",
        "postcss-value-parser": "^4.2.0",
        "semver": "^7.6.3"
      },
      "devDependencies": {
        "@babel/cli": "^7.24.8",
        "@babel/core": "^7.25.2",
        "@babel/preset-env": "^7.25.3",
        "@commitlint/cli": "^19.3.0",
        "@commitlint/config-conventional": "^19.2.2",
        "@webpack-contrib/eslint-config-webpack": "^3.0.0",
        "babel-jest": "^30.0.0",
        "cross-env": "^7.0.3",
        "cspell": "^8.13.1",
        "del-cli": "^5.1.0",
        "es-check": "^7.2.1",
        "eslint": "^8.54.0",
        "eslint-config-prettier": "^9.1.0",
        "eslint-plugin-import": "^2.29.0",
        "file-loader": "^6.2.0",
        "husky": "^9.1.4",
        "jest": "^30.0.0",
        "jest-environment-jsdom": "^30.0.0",
        "less": "^4.2.0",
        "less-loader": "^12.2.0",
        "lint-staged": "^15.2.8",
        "memfs": "^4.11.1",
        "mini-css-extract-plugin": "^2.9.0",
        "npm-run-all": "^4.1.5",
        "postcss-loader": "^8.1.1",
        "postcss-preset-env": "^9.6.0",
        "prettier": "^3.3.3",
        "sass": "^1.77.8",
        "sass-loader": "^14.2.1",
        "standard-version": "^9.5.0",
        "strip-ansi": "^6.0.0",
        "style-loader": "^3.3.4",
        "stylus": "^0.63.0",
        "stylus-loader": "^8.1.0",
        "url-loader": "^4.1.1",
        "webpack": "^5.93.0"
      },
      "engines": {
        "node": ">= 18.12.0"
      },
      "funding": {
        "type": "opencollective",
        "url": "https://opencollective.com/webpack"
      },
      "peerDependencies": {
        "@rspack/core": "0.x || ^1.0.0 || ^2.0.0-0",
        "webpack": "^5.27.0"
      },
      "peerDependenciesMeta": {
        "@rspack/core": {
          "optional": true
        },
        "webpack": {
          "optional": true
        }
      }
    },
    "../../node_modules/.pnpm/html-webpack-plugin@5.6.7_webpack@5.107.2/node_modules/html-webpack-plugin": {
      "version": "5.6.7",
      "dev": true,
      "license": "MIT",
      "dependencies": {
        "@types/html-minifier-terser": "^6.0.0",
        "html-minifier-terser": "^6.0.2",
        "lodash": "^4.17.21",
        "pretty-error": "^4.0.0",
        "tapable": "^2.0.0"
      },
      "devDependencies": {
        "@commitlint/cli": "^18.4.4",
        "@commitlint/config-conventional": "^18.4.4",
        "@types/node": "^20.2.5",
        "cross-env": "^7.0.3",
        "cspell": "^8.3.2",
        "css-loader": "5.0.1",
        "cz-conventional-changelog": "2.1.0",
        "dir-compare": "^3.3.0",
        "eslint": "^8.56.0",
        "handlebars-loader": "^1.7.3",
        "html-loader": "2.1.1",
        "husky": "^9.0.10",
        "jest": "^27.2.5",
        "lint-staged": "^15.2.2",
        "mini-css-extract-plugin": "^1.6.0",
        "npm-run-all": "^4.1.5",
        "prettier": "^3.2.5",
        "pug": "3.0.2",
        "pug-loader": "2.4.0",
        "raw-loader": "4.0.2",
        "rimraf": "2.6.3",
        "standard-version": "^9.3.0",
        "style-loader": "2.0.0",
        "typescript": "4.9.4",
        "webpack": "^5.104.1",
        "webpack-cli": "4.5.0",
        "webpack-recompilation-simulator": "3.2.0"
      },
      "engines": {
        "node": ">=10.13.0"
      },
      "funding": {
        "type": "opencollective",
        "url": "https://opencollective.com/html-webpack-plugin"
      },
      "peerDependencies": {
        "@rspack/core": "0.x || 1.x",
        "webpack": "^5.20.0"
      },
      "peerDependenciesMeta": {
        "@rspack/core": {
          "optional": true
        },
        "webpack": {
          "optional": true
        }
      }
    },
    "../../node_modules/.pnpm/marked@18.0.5/node_modules/marked": {
      "version": "18.0.5",
      "license": "MIT",
      "bin": {
        "marked": "bin/marked.js"
      },
      "devDependencies": {
        "@arethetypeswrong/cli": "^0.18.3",
        "@markedjs/eslint-config": "^1.0.14",
        "@markedjs/testutils": "18.0.0-1",
        "@semantic-release/commit-analyzer": "^13.0.1",
        "@semantic-release/git": "^10.0.1",
        "@semantic-release/github": "^12.0.8",
        "@semantic-release/npm": "^13.1.5",
        "@semantic-release/release-notes-generator": "^14.1.1",
        "cheerio": "1.2.0",
        "commonmark": "0.31.2",
        "cross-env": "^10.1.0",
        "dts-bundle-generator": "^9.5.1",
        "esbuild": "^0.28.0",
        "esbuild-plugin-umd-wrapper": "^3.0.0",
        "eslint": "^10.4.1",
        "highlight.js": "^11.11.1",
        "markdown-it": "14.2.0",
        "marked-highlight": "^2.2.4",
        "marked-man": "^2.1.1",
        "recheck": "^4.5.0",
        "rimraf": "^6.1.3",
        "semantic-release": "^25.0.3",
        "titleize": "^4.0.0",
        "tslib": "^2.8.1",
        "typescript": "6.0.3"
      },
      "engines": {
        "node": ">= 20"
      }
    },
    "../../node_modules/.pnpm/preact@10.29.2/node_modules/preact": {
      "version": "10.29.2",
      "license": "MIT",
      "devDependencies": {
        "@actions/github": "^6.0.0",
        "@actions/glob": "^0.5.0",
        "@babel/core": "^7.26.0",
        "@babel/plugin-transform-react-jsx": "^7.25.9",
        "@babel/plugin-transform-react-jsx-source": "^7.25.9",
        "@babel/preset-env": "^7.26.0",
        "@babel/register": "^7.25.9",
        "@types/chai": "^5.0.1",
        "@types/mocha": "^10.0.0",
        "@types/node": "^18.19.87",
        "@types/sinon": "^17.0.3",
        "@vitest/browser": "^3.2.1",
        "@vitest/coverage-istanbul": "^3.2.1",
        "babel-plugin-transform-rename-properties": "0.1.0",
        "chai": "^5.2.0",
        "coveralls": "^3.1.1",
        "cross-env": "^7.0.3",
        "errorstacks": "^2.4.1",
        "esbuild": "^0.24.0",
        "husky": "^9.1.7",
        "kolorist": "^1.8.0",
        "microbundle": "^0.15.1",
        "mocha": "^11.0.0",
        "npm-run-all2": "^7.0.0",
        "oxfmt": "^0.32.0",
        "oxlint": "^0.15.12",
        "playwright": "^1.52.0",
        "preact-render-to-string": "^6.5.0",
        "prop-types": "^15.8.1",
        "sade": "^1.8.1",
        "sinon": "^19.0.2",
        "sinon-chai": "^4.0.0",
        "terser": "5.16.0",
        "typescript": "5.1.6",
        "undici": "^4.12.0",
        "vite": "^6.2.0",
        "vitest": "^3.2.1"
      },
      "funding": {
        "type": "opencollective",
        "url": "https://opencollective.com/preact"
      }
    },
    "../../node_modules/.pnpm/style-loader@4.0.0_webpack@5.107.2/node_modules/style-loader": {
      "version": "4.0.0",
      "dev": true,
      "license": "MIT",
      "devDependencies": {
        "@babel/cli": "^7.24.1",
        "@babel/core": "^7.24.4",
        "@babel/preset-env": "^7.24.4",
        "@commitlint/cli": "^19.2.1",
        "@commitlint/config-conventional": "^19.1.0",
        "@webpack-contrib/eslint-config-webpack": "^3.0.0",
        "babel-jest": "^29.7.0",
        "cross-env": "^7.0.3",
        "cspell": "^8.6.1",
        "css-loader": "^7.0.0",
        "del-cli": "^5.1.0",
        "es-check": "^7.1.1",
        "eslint": "^8.57.0",
        "eslint-config-prettier": "^9.1.0",
        "eslint-plugin-import": "^2.29.1",
        "file-loader": "^6.2.0",
        "husky": "^9.0.11",
        "jest": "^29.7.0",
        "jest-environment-jsdom": "^29.7.0",
        "jsdom": "^24.0.0",
        "lint-staged": "^15.2.2",
        "memfs": "^4.8.1",
        "npm-run-all": "^4.1.5",
        "prettier": "^3.2.5",
        "sass": "^1.74.1",
        "sass-loader": "^14.1.1",
        "semver": "^7.6.0",
        "standard-version": "^9.5.0",
        "webpack": "^5.91.0",
        "webpack-cli": "^5.1.4",
        "webpack-dev-server": "^5.0.4"
      },
      "engines": {
        "node": ">= 18.12.0"
      },
      "funding": {
        "type": "opencollective",
        "url": "https://opencollective.com/webpack"
      },
      "peerDependencies": {
        "webpack": "^5.27.0"
      }
    },
    "../../node_modules/.pnpm/tiktoken@1.0.22/node_modules/tiktoken": {
      "version": "1.0.22",
      "license": "MIT"
    },
    "../../node_modules/.pnpm/toml@4.1.1/node_modules/toml": {
      "version": "4.1.1",
      "extraneous": true,
      "license": "MIT",
      "devDependencies": {
        "peggy": "^5.1.0"
      },
      "engines": {
        "node": ">=20"
      }
    },
    "../../node_modules/.pnpm/ts-loader@9.6.0_typescript@5.9.3_webpack@5.107.2/node_modules/ts-loader": {
      "version": "9.6.0",
      "dev": true,
      "license": "MIT",
      "dependencies": {
        "chalk": "^4.1.0",
        "enhanced-resolve": "^5.0.0",
        "micromatch": "^4.0.0",
        "semver": "^7.3.4",
        "source-map": "^0.7.4"
      },
      "devDependencies": {
        "@eslint/js": "^10.0.1",
        "@types/micromatch": "^4.0.0",
        "@types/node": "*",
        "@types/semver": "^7.3.4",
        "babel": "^6.0.0",
        "babel-core": "^6.0.0",
        "babel-loader": "^7.0.0",
        "babel-polyfill": "^6.16.0",
        "babel-preset-es2015": "^6.0.0",
        "babel-preset-es2016": "^6.16.0",
        "babel-preset-react": "^6.0.0",
        "escape-string-regexp": "^2.0.0",
        "eslint": "^10.0.0",
        "eslint-config-prettier": "^10.0.0",
        "eslint-plugin-n": "^17.0.0",
        "fs-extra": "^11.0.0",
        "glob": "^7.1.1",
        "husky": "^8.0.0",
        "jasmine-core": "^4.0.0",
        "karma": "^6.0.0",
        "karma-chrome-launcher": "^3.1.0",
        "karma-jasmine": "^4.0.0",
        "karma-mocha-reporter": "^2.0.0",
        "karma-sourcemap-loader": "^0.4.0",
        "karma-webpack": "^5.0.0",
        "lint-staged": "^8.0.0",
        "loader-utils": "^1.4.2",
        "markdown-toc": "^1.2.0",
        "mkdirp": "^0.5.1",
        "mocha": "^6.0.0",
        "prettier": "^2.0.5",
        "rimraf": "^2.6.2",
        "typescript": "^6.0.2",
        "typescript-eslint": "^8.59.4",
        "webpack": "^5.74.0",
        "webpack-cli": "^4.10.0"
      },
      "engines": {
        "node": ">=12.0.0"
      },
      "peerDependencies": {
        "loader-utils": "*",
        "typescript": "*",
        "webpack": "^4.0.0 || ^5.0.0"
      },
      "peerDependenciesMeta": {
        "loader-utils": {
          "optional": true
        }
      }
    },
    "../../node_modules/.pnpm/typescript@5.9.3/node_modules/typescript": {
      "version": "5.9.3",
      "dev": true,
      "license": "Apache-2.0",
      "bin": {
        "tsc": "bin/tsc",
        "tsserver": "bin/tsserver"
      },
      "devDependencies": {
        "@dprint/formatter": "^0.4.1",
        "@dprint/typescript": "0.93.4",
        "@esfx/canceltoken": "^1.0.0",
        "@eslint/js": "^9.20.0",
        "@octokit/rest": "^21.1.1",
        "@types/chai": "^4.3.20",
        "@types/diff": "^7.0.1",
        "@types/minimist": "^1.2.5",
        "@types/mocha": "^10.0.10",
        "@types/ms": "^0.7.34",
        "@types/node": "latest",
        "@types/source-map-support": "^0.5.10",
        "@types/which": "^3.0.4",
        "@typescript-eslint/rule-tester": "^8.24.1",
        "@typescript-eslint/type-utils": "^8.24.1",
        "@typescript-eslint/utils": "^8.24.1",
        "azure-devops-node-api": "^14.1.0",
        "c8": "^10.1.3",
        "chai": "^4.5.0",
        "chokidar": "^4.0.3",
        "diff": "^7.0.0",
        "dprint": "^0.49.0",
        "esbuild": "^0.25.0",
        "eslint": "^9.20.1",
        "eslint-formatter-autolinkable-stylish": "^1.4.0",
        "eslint-plugin-regexp": "^2.7.0",
        "fast-xml-parser": "^4.5.2",
        "glob": "^10.4.5",
        "globals": "^15.15.0",
        "hereby": "^1.10.0",
        "jsonc-parser": "^3.3.1",
        "knip": "^5.44.4",
        "minimist": "^1.2.8",
        "mocha": "^10.8.2",
        "mocha-fivemat-progress-reporter": "^0.1.0",
        "monocart-coverage-reports": "^2.12.1",
        "ms": "^2.1.3",
        "picocolors": "^1.1.1",
        "playwright": "^1.50.1",
        "source-map-support": "^0.5.21",
        "tslib": "^2.8.1",
        "typescript": "^5.7.3",
        "typescript-eslint": "^8.24.1",
        "which": "^3.0.1"
      },
      "engines": {
        "node": ">=14.17"
      }
    },
    "../../node_modules/.pnpm/undici@8.3.0/node_modules/undici": {
      "version": "8.3.0",
      "extraneous": true,
      "license": "MIT",
      "devDependencies": {
        "@fastify/busboy": "3.2.0",
        "@matteo.collina/tspl": "^0.2.0",
        "@metcoder95/https-pem": "^1.0.0",
        "@sinonjs/fake-timers": "^12.0.0",
        "@types/node": "^22.0.0",
        "abort-controller": "^3.0.0",
        "borp": "^1.0.0",
        "c8": "^11.0.0",
        "cross-env": "^10.0.0",
        "dns-packet": "^5.4.0",
        "esbuild": "^0.28.0",
        "eslint": "^9.9.0",
        "fast-check": "^4.1.1",
        "husky": "^9.0.7",
        "jest": "^30.0.5",
        "jsondiffpatch": "^0.7.3",
        "neostandard": "^0.13.0",
        "node-forge": "^1.3.1",
        "proxy": "^4.0.0",
        "tsd": "^0.33.0",
        "typescript": "^6.0.2",
        "ws": "^8.11.0"
      },
      "engines": {
        "node": ">=22.19.0"
      }
    },
    "../../node_modules/.pnpm/vitest@3.2.4_@types+node@22.19.19_terser@5.48.0/node_modules/vitest": {
      "version": "3.2.4",
      "extraneous": true,
      "license": "MIT",
      "dependencies": {
        "@types/chai": "^5.2.2",
        "@vitest/expect": "3.2.4",
        "@vitest/mocker": "3.2.4",
        "@vitest/pretty-format": "^3.2.4",
        "@vitest/runner": "3.2.4",
        "@vitest/snapshot": "3.2.4",
        "@vitest/spy": "3.2.4",
        "@vitest/utils": "3.2.4",
        "chai": "^5.2.0",
        "debug": "^4.4.1",
        "expect-type": "^1.2.1",
        "magic-string": "^0.30.17",
        "pathe": "^2.0.3",
        "picomatch": "^4.0.2",
        "std-env": "^3.9.0",
        "tinybench": "^2.9.0",
        "tinyexec": "^0.3.2",
        "tinyglobby": "^0.2.14",
        "tinypool": "^1.1.1",
        "tinyrainbow": "^2.0.0",
        "vite": "^5.0.0 || ^6.0.0 || ^7.0.0-0",
        "vite-node": "3.2.4",
        "why-is-node-running": "^2.3.0"
      },
      "bin": {
        "vitest": "vitest.mjs"
      },
      "devDependencies": {
        "@ampproject/remapping": "^2.3.0",
        "@antfu/install-pkg": "^1.1.0",
        "@edge-runtime/vm": "^5.0.0",
        "@sinonjs/fake-timers": "14.0.0",
        "@types/debug": "^4.1.12",
        "@types/estree": "^1.0.8",
        "@types/istanbul-lib-coverage": "^2.0.6",
        "@types/istanbul-reports": "^3.0.4",
        "@types/jsdom": "^21.1.7",
        "@types/mime": "^4.0.0",
        "@types/node": "^22.15.32",
        "@types/picomatch": "^4.0.0",
        "@types/prompts": "^2.4.9",
        "@types/sinonjs__fake-timers": "^8.1.5",
        "acorn-walk": "^8.3.4",
        "birpc": "2.4.0",
        "cac": "^6.7.14",
        "chai-subset": "^1.6.0",
        "find-up": "^6.3.0",
        "flatted": "^3.3.3",
        "happy-dom": "^17.6.3",
        "jsdom": "^26.1.0",
        "local-pkg": "^1.1.1",
        "mime": "^4.0.7",
        "pretty-format": "^29.7.0",
        "prompts": "^2.4.2",
        "strip-literal": "^3.0.0",
        "ws": "^8.18.2"
      },
      "engines": {
        "node": "^18.0.0 || ^20.0.0 || >=22.0.0"
      },
      "funding": {
        "url": "https://opencollective.com/vitest"
      },
      "peerDependencies": {
        "@edge-runtime/vm": "*",
        "@types/debug": "^4.1.12",
        "@types/node": "^18.0.0 || ^20.0.0 || >=22.0.0",
        "@vitest/browser": "3.2.4",
        "@vitest/ui": "3.2.4",
        "happy-dom": "*",
        "jsdom": "*"
      },
      "peerDependenciesMeta": {
        "@edge-runtime/vm": {
          "optional": true
        },
        "@types/debug": {
          "optional": true
        },
        "@types/node": {
          "optional": true
        },
        "@vitest/browser": {
          "optional": true
        },
        "@vitest/ui": {
          "optional": true
        },
        "happy-dom": {
          "optional": true
        },
        "jsdom": {
          "optional": true
        }
      }
    },
    "../../node_modules/.pnpm/webpack-cli@6.0.1_webpack@5.107.2/node_modules/webpack-cli": {
      "version": "6.0.1",
      "dev": true,
      "license": "MIT",
      "dependencies": {
        "@discoveryjs/json-ext": "^0.6.1",
        "@webpack-cli/configtest": "^3.0.1",
        "@webpack-cli/info": "^3.0.1",
        "@webpack-cli/serve": "^3.0.1",
        "colorette": "^2.0.14",
        "commander": "^12.1.0",
        "cross-spawn": "^7.0.3",
        "envinfo": "^7.14.0",
        "fastest-levenshtein": "^1.0.12",
        "import-local": "^3.0.2",
        "interpret": "^3.1.1",
        "rechoir": "^0.8.0",
        "webpack-merge": "^6.0.1"
      },
      "bin": {
        "webpack-cli": "bin/cli.js"
      },
      "devDependencies": {
        "@types/envinfo": "^7.8.1"
      },
      "engines": {
        "node": ">=18.12.0"
      },
      "funding": {
        "type": "opencollective",
        "url": "https://opencollective.com/webpack"
      },
      "peerDependencies": {
        "webpack": "^5.82.0"
      },
      "peerDependenciesMeta": {
        "webpack-bundle-analyzer": {
          "optional": true
        },
        "webpack-dev-server": {
          "optional": true
        }
      }
    },
    "../../node_modules/.pnpm/webpack@5.107.2_postcss@8.5.15_webpack-cli@6.0.1/node_modules/webpack": {
      "version": "5.107.2",
      "dev": true,
      "license": "MIT",
      "dependencies": {
        "@types/estree": "^1.0.8",
        "@types/json-schema": "^7.0.15",
        "@webassemblyjs/ast": "^1.14.1",
        "@webassemblyjs/wasm-edit": "^1.14.1",
        "@webassemblyjs/wasm-parser": "^1.14.1",
        "acorn": "^8.16.0",
        "acorn-import-phases": "^1.0.3",
        "browserslist": "^4.28.1",
        "chrome-trace-event": "^1.0.2",
        "enhanced-resolve": "^5.22.0",
        "es-module-lexer": "^2.1.0",
        "eslint-scope": "5.1.1",
        "events": "^3.2.0",
        "glob-to-regexp": "^0.4.1",
        "graceful-fs": "^4.2.11",
        "loader-runner": "^4.3.2",
        "mime-db": "^1.54.0",
        "neo-async": "^2.6.2",
        "schema-utils": "^4.3.3",
        "tapable": "^2.3.0",
        "terser-webpack-plugin": "^5.5.0",
        "watchpack": "^2.5.1",
        "webpack-sources": "^3.5.0"
      },
      "bin": {
        "webpack": "bin/webpack.js"
      },
      "devDependencies": {
        "@babel/core": "^7.27.1",
        "@babel/preset-react": "^7.27.1",
        "@changesets/cli": "^2.29.8",
        "@changesets/get-github-info": "^0.8.0",
        "@codspeed/core": "^5.4.0",
        "@types/eslint-scope": "^3.7.7",
        "@types/glob-to-regexp": "^0.4.4",
        "@types/graceful-fs": "^4.1.9",
        "@types/jest": "^30.0.0",
        "@types/mime-db": "^1.43.6",
        "@types/neo-async": "^2.6.7",
        "@types/node": "^25.6.0",
        "@types/xxhashjs": "^0.2.4",
        "@webdiscus/pug-loader": "^2.11.1",
        "assemblyscript": "^0.28.17",
        "babel-loader": "^10.0.0",
        "bundle-loader": "^0.5.6",
        "coffee-loader": "^5.0.0",
        "coffeescript": "^2.5.1",
        "core-js": "^3.47.0",
        "cspell": "^10.0.0",
        "css-loader": "^7.1.2",
        "date-fns": "^4.2.1",
        "es5-ext": "^0.10.53",
        "es6-promise-polyfill": "^1.2.0",
        "eslint": "^9.39.2",
        "eslint-config-webpack": "^4.9.3",
        "file-loader": "^6.0.0",
        "fork-ts-checker-webpack-plugin": "^9.0.2",
        "globals": "^17.6.0",
        "hash-wasm": "^4.9.0",
        "html-loader": "^5.1.0",
        "husky": "^9.0.11",
        "istanbul": "^0.4.5",
        "jest": "^30.3.0",
        "jest-circus": "^30.3.0",
        "jest-cli": "^30.3.0",
        "jest-diff": "^30.3.0",
        "jest-environment-node": "^30.3.0",
        "jest-junit": "^17.0.0",
        "jest-snapshot": "^30.3.0",
        "json-loader": "^0.5.7",
        "json5": "^2.1.3",
        "less": "^4.6.4",
        "less-loader": "^12.3.2",
        "lint-staged": "^17.0.5",
        "lodash": "^4.17.19",
        "lodash-es": "^4.17.15",
        "memfs": "^4.51.1",
        "meriyah": "^7.0.0",
        "mini-css-extract-plugin": "^2.9.0",
        "mini-svg-data-uri": "^1.2.3",
        "node-gyp": "^12.1.0",
        "nyc": "^18.0.0",
        "open-cli": "^9.0.0",
        "oxc-parser": "^0.132.0",
        "pkg-pr-new": "^0.0.75",
        "prettier": "^3.8.2",
        "prettier-2": "npm:prettier@^2",
        "pretty-format": "^30.0.5",
        "pug": "^3.0.3",
        "raw-loader": "^4.0.1",
        "react": "^19.2.5",
        "react-dom": "^19.2.5",
        "rehype-sanitize": "^6.0.0",
        "rehype-stringify": "^10.0.1",
        "remark-frontmatter": "^5.0.0",
        "remark-gfm": "^4.0.1",
        "remark-parse": "^11.0.0",
        "remark-rehype": "^11.1.2",
        "rimraf": "^3.0.2",
        "script-loader": "^0.7.2",
        "simple-git": "^3.28.0",
        "style-loader": "^4.0.0",
        "terser": "^5.46.2",
        "three": "^0.184.0",
        "tinybench": "^6.0.1",
        "toml": "^4.1.1",
        "tooling": "webpack/tooling#v1.26.2",
        "ts-loader": "^9.5.7",
        "typescript": "^6.0.3",
        "unified": "^11.0.5",
        "url-loader": "^4.1.0",
        "wast-loader": "^1.12.1",
        "webassembly-feature": "1.3.0",
        "webpack-cli": "^7.0.2",
        "xxhashjs": "^0.2.2",
        "yamljs": "^0.3.0"
      },
      "engines": {
        "node": ">=10.13.0"
      },
      "funding": {
        "type": "opencollective",
        "url": "https://opencollective.com/webpack"
      },
      "peerDependenciesMeta": {
        "webpack-cli": {
          "optional": true
        }
      }
    },
    "../../packages/bridge": {
      "extraneous": true
    },
    "../../packages/core": {
      "extraneous": true
    },
    "../../packages/provider": {
      "extraneous": true
    },
    "../../packages/shared": {
      "extraneous": true
    },
    "../../packages/tools": {
      "extraneous": true
    },
    "node_modules/@anthropic-ai/sdk": {
      "version": "0.102.0",
      "resolved": "https://registry.npmmirror.com/@anthropic-ai/sdk/-/sdk-0.102.0.tgz",
      "integrity": "sha512-cThh3KcPW3lzkFyTz1cjyhJvOVw45NkLMoowO2ZJ/76CBz44ADUon+NsjEc/PypAkARs72Xu8qxTnx6PAOTQUQ==",
      "license": "MIT",
      "dependencies": {
        "json-schema-to-ts": "^3.1.1",
        "standardwebhooks": "^1.0.0"
      },
      "bin": {
        "anthropic-ai-sdk": "bin/cli"
      },
      "peerDependencies": {
        "zod": "^3.25.0 || ^4.0.0"
      },
      "peerDependenciesMeta": {
        "zod": {
          "optional": true
        }
      }
    },
    "node_modules/@babel/runtime": {
      "version": "7.29.7",
      "resolved": "https://registry.npmmirror.com/@babel/runtime/-/runtime-7.29.7.tgz",
      "integrity": "sha512-Nq8OhGWiZIZGV6hLHoyAKLLcJihP/xFeBMGJoUrxTX2psI8dCifzLhZISFb+VWS3wFMRDmCGw5R+dOySCqPLhw==",
      "license": "MIT",
      "engines": {
        "node": ">=6.9.0"
      }
    },
    "node_modules/@stablelib/base64": {
      "version": "1.0.1",
      "resolved": "https://registry.npmmirror.com/@stablelib/base64/-/base64-1.0.1.tgz",
      "integrity": "sha512-1bnPQqSxSuc3Ii6MhBysoWCg58j97aUjuCSZrGSmDxNqtytIi0k8utUenAwTZN4V5mXXYGsVUI9zeBqy+jBOSQ==",
      "license": "MIT"
    },
    "node_modules/@types/vscode": {
      "resolved": "../../node_modules/.pnpm/@types+vscode@1.120.0/node_modules/@types/vscode",
      "link": true
    },
    "node_modules/commander": {
      "version": "8.3.0",
      "resolved": "https://registry.npmmirror.com/commander/-/commander-8.3.0.tgz",
      "integrity": "sha512-OkTL9umf+He2DZkUq8f8J9of7yL6RJKI24dVITBmNfZBmri9zYZQrKkuXiKhyfPSu8tUhnVBB1iKXevvnlR4Ww==",
      "license": "MIT",
      "engines": {
        "node": ">= 12"
      }
    },
    "node_modules/css-loader": {
      "resolved": "../../node_modules/.pnpm/css-loader@7.1.4_webpack@5.107.2/node_modules/css-loader",
      "link": true
    },
    "node_modules/fast-sha256": {
      "version": "1.3.0",
      "resolved": "https://registry.npmmirror.com/fast-sha256/-/fast-sha256-1.3.0.tgz",
      "integrity": "sha512-n11RGP/lrWEFI/bWdygLxhI+pVeo1ZYIVwvvPkW7azl/rOy+F3HYRZ2K5zeE9mmkhQppyv9sQFx0JM9UabnpPQ==",
      "license": "Unlicense"
    },
    "node_modules/html-webpack-plugin": {
      "resolved": "../../node_modules/.pnpm/html-webpack-plugin@5.6.7_webpack@5.107.2/node_modules/html-webpack-plugin",
      "link": true
    },
    "node_modules/json-schema-to-ts": {
      "version": "3.1.1",
      "resolved": "https://registry.npmmirror.com/json-schema-to-ts/-/json-schema-to-ts-3.1.1.tgz",
      "integrity": "sha512-+DWg8jCJG2TEnpy7kOm/7/AxaYoaRbjVB4LFZLySZlWn8exGs3A4OLJR966cVvU26N7X9TWxl+Jsw7dzAqKT6g==",
      "license": "MIT",
      "dependencies": {
        "@babel/runtime": "^7.18.3",
        "ts-algebra": "^2.0.0"
      },
      "engines": {
        "node": ">=16"
      }
    },
    "node_modules/katex": {
      "version": "0.17.0",
      "resolved": "https://registry.npmmirror.com/katex/-/katex-0.17.0.tgz",
      "integrity": "sha512-Vdw0ATsQ9V+LuegM/BTwQqV/6cTl5lbGcIrU+BCgLxyf6bo38ybOr372tuSIxir3CN720flu1meYR6XzNMwQnw==",
      "funding": [
        "https://opencollective.com/katex",
        "https://github.com/sponsors/katex"
      ],
      "license": "MIT",
      "dependencies": {
        "commander": "^8.3.0"
      },
      "bin": {
        "katex": "cli.js"
      }
    },
    "node_modules/marked": {
      "resolved": "../../node_modules/.pnpm/marked@18.0.5/node_modules/marked",
      "link": true
    },
    "node_modules/preact": {
      "resolved": "../../node_modules/.pnpm/preact@10.29.2/node_modules/preact",
      "link": true
    },
    "node_modules/standardwebhooks": {
      "version": "1.0.0",
      "resolved": "https://registry.npmmirror.com/standardwebhooks/-/standardwebhooks-1.0.0.tgz",
      "integrity": "sha512-BbHGOQK9olHPMvQNHWul6MYlrRTAOKn03rOe4A8O3CLWhNf4YHBqq2HJKKC+sfqpxiBY52pNeesD6jIiLDz8jg==",
      "license": "MIT",
      "dependencies": {
        "@stablelib/base64": "^1.0.0",
        "fast-sha256": "^1.3.0"
      }
    },
    "node_modules/style-loader": {
      "resolved": "../../node_modules/.pnpm/style-loader@4.0.0_webpack@5.107.2/node_modules/style-loader",
      "link": true
    },
    "node_modules/tiktoken": {
      "resolved": "../../node_modules/.pnpm/tiktoken@1.0.22/node_modules/tiktoken",
      "link": true
    },
    "node_modules/ts-algebra": {
      "version": "2.0.0",
      "resolved": "https://registry.npmmirror.com/ts-algebra/-/ts-algebra-2.0.0.tgz",
      "integrity": "sha512-FPAhNPFMrkwz76P7cdjdmiShwMynZYN6SgOujD1urY4oNm80Ou9oMdmbR45LotcKOXoy7wSmHkRFE6Mxbrhefw==",
      "license": "MIT"
    },
    "node_modules/ts-loader": {
      "resolved": "../../node_modules/.pnpm/ts-loader@9.6.0_typescript@5.9.3_webpack@5.107.2/node_modules/ts-loader",
      "link": true
    },
    "node_modules/typescript": {
      "resolved": "../../node_modules/.pnpm/typescript@5.9.3/node_modules/typescript",
      "link": true
    },
    "node_modules/undici": {
      "version": "8.4.1",
      "resolved": "https://registry.npmmirror.com/undici/-/undici-8.4.1.tgz",
      "integrity": "sha512-RNHlB4fxZK0IrkhBsxhlbx7s8kFWwr7rzzOqj5nvZugw3ig3RsB7KW3zVlV0eu8POl+rx5d1hmL7rRg0z1owow==",
      "license": "MIT",
      "engines": {
        "node": ">=22.19.0"
      }
    },
    "node_modules/webpack": {
      "resolved": "../../node_modules/.pnpm/webpack@5.107.2_postcss@8.5.15_webpack-cli@6.0.1/node_modules/webpack",
      "link": true
    },
    "node_modules/webpack-cli": {
      "resolved": "../../node_modules/.pnpm/webpack-cli@6.0.1_webpack@5.107.2/node_modules/webpack-cli",
      "link": true
    }
  }
}
